// !$*UTF8*$!
{
	archiveVersion = 1;
	classes = {
	};
	objectVersion = 46;
	objects = {

/* Begin PBXBuildFile section */
		866D7A401BD85A68006AE7CF /* AppDelegate.swift in Sources */ = {isa = PBXBuildFile; fileRef = 866D7A3F1BD85A68006AE7CF /* AppDelegate.swift */; };
		866D7A421BD85A68006AE7CF /* FirstViewController.swift in Sources */ = {isa = PBXBuildFile; fileRef = 866D7A411BD85A68006AE7CF /* FirstViewController.swift */; };
		866D7A451BD85A68006AE7CF /* Main.storyboard in Resources */ = {isa = PBXBuildFile; fileRef = 866D7A431BD85A68006AE7CF /* Main.storyboard */; };
		866D7A471BD85A68006AE7CF /* Assets.xcassets in Resources */ = {isa = PBXBuildFile; fileRef = 866D7A461BD85A68006AE7CF /* Assets.xcassets */; };
		866D7A4A1BD85A68006AE7CF /* LaunchScreen.storyboard in Resources */ = {isa = PBXBuildFile; fileRef = 866D7A481BD85A68006AE7CF /* LaunchScreen.storyboard */; };
		866D7A541BD85AB9006AE7CF /* SecondViewController.swift in Sources */ = {isa = PBXBuildFile; fileRef = 866D7A531BD85AB9006AE7CF /* SecondViewController.swift */; settings = {ASSET_TAGS = (); }; };
/* End PBXBuildFile section */

/* Begin PBXFileReference section */
		866D7A3C1BD85A68006AE7CF /* delegationProject.app */ = {isa = PBXFileReference; explicitFileType = wrapper.application; includeInIndex = 0; path = delegationProject.app; sourceTree = BUILT_PRODUCTS_DIR; };
		866D7A3F1BD85A68006AE7CF /* AppDelegate.swift */ = {isa = PBXFileReference; lastKnownFileType = sourcecode.swift; path = AppDelegate.swift; sourceTree = "<group>"; };
		866D7A411BD85A68006AE7CF /* FirstViewController.swift */ = {isa = PBXFileReference; lastKnownFileType = sourcecode.swift; path = FirstViewController.swift; sourceTree = "<group>"; };
		866D7A441BD85A68006AE7CF /* Base */ = {isa = PBXFileReference; lastKnownFileType = file.storyboard; name = Base; path = Base.lproj/Main.storyboard; sourceTree = "<group>"; };
		866D7A461BD85A68006AE7CF /* Assets.xcassets */ = {isa = PBXFileReference; lastKnownFileType = folder.assetcatalog; path = Assets.xcassets; sourceTree = "<group>"; };
		866D7A491BD85A68006AE7CF /* Base */ = {isa = PBXFileReference; lastKnownFileType = file.storyboard; name = Base; path = Base.lproj/LaunchScreen.storyboard; sourceTree = "<group>"; };
		866D7A4B1BD85A68006AE7CF /* Info.plist */ = {isa = PBXFileReference; lastKnownFileType = text.plist.xml; path = Info.plist; sourceTree = "<group>"; };
		866D7A531BD85AB9006AE7CF /* SecondViewController.swift */ = {isa = PBXFileReference; fileEncoding = 4; lastKnownFileType = sourcecode.swift; path = SecondViewController.swift; sourceTree = "<group>"; };
/* End PBXFileReference section */

/* Begin PBXFrameworksBuildPhase section */
		866D7A391BD85A68006AE7CF /* Frameworks */ = {
			isa = PBXFrameworksBuildPhase;
			buildActionMask = 2147483647;
			files = (
			);
			runOnlyForDeploymentPostprocessing = 0;
		};
/* End PBXFrameworksBuildPhase section */

/* Begin PBXGroup section */
		866D7A331BD85A68006AE7CF = {
			isa = PBXGroup;
			children = (
				866D7A3E1BD85A68006AE7CF /* delegationProject */,
				866D7A3D1BD85A68006AE7CF /* Products */,
			);
			sourceTree = "<group>";
		};
		866D7A3D1BD85A68006AE7CF /* Products */ = {
			isa = PBXGroup;
			children = (
				866D7A3C1BD85A68006AE7CF /* delegationProject.app */,
			);
			name = Products;
			sourceTree = "<group>";
		};
		866D7A3E1BD85A68006AE7CF /* delegationProject */ = {
			isa = PBXGroup;
			children = (
				866D7A551BD85B5A006AE7CF /* Controllers */,
				866D7A3F1BD85A68006AE7CF /* AppDelegate.swift */,
				866D7A431BD85A68006AE7CF /* Main.storyboard */,
				866D7A461BD85A68006AE7CF /* Assets.xcassets */,
				866D7A481BD85A68006AE7CF /* LaunchScreen.storyboard */,
				866D7A4B1BD85A68006AE7CF /* Info.plist */,
			);
			path = delegationProject;
			sourceTree = "<group>";
		};
		866D7A551BD85B5A006AE7CF /* Controllers */ = {
			isa = PBXGroup;
			children = (
				866D7A531BD85AB9006AE7CF /* SecondViewController.swift */,
				866D7A411BD85A68006AE7CF /* FirstViewController.swift */,
			);
			name = Controllers;
			sourceTree = "<group>";
		};
/* End PBXGroup section */

/* Begin PBXNativeTarget section */
		866D7A3B1BD85A68006AE7CF /* delegationProject */ = {
			isa = PBXNativeTarget;
			buildConfigurationList = 866D7A4E1BD85A68006AE7CF /* Build configuration list for PBXNativeTarget "delegationProject" */;
			buildPhases = (
				866D7A381BD85A68006AE7CF /* Sources */,
				866D7A391BD85A68006AE7CF /* Frameworks */,
				866D7A3A1BD85A68006AE7CF /* Resources */,
			);
			buildRules = (
			);
			dependencies = (
			);
			name = delegationProject;
			productName = delegationProject;
			productReference = 866D7A3C1BD85A68006AE7CF /* delegationProject.app */;
			productType = "com.apple.product-type.application";
		};
/* End PBXNativeTarget section */

/* Begin PBXProject section */
		866D7A341BD85A68006AE7CF /* Project object */ = {
			isa = PBXProject;
			attributes = {
				LastUpgradeCheck = 0700;
				ORGANIZATIONNAME = "Santiago Perez";
				TargetAttributes = {
					866D7A3B1BD85A68006AE7CF = {
						CreatedOnToolsVersion = 7.0.1;
					};
				};
			};
			buildConfigurationList = 866D7A371BD85A68006AE7CF /* Build configuration list for PBXProject "delegationProject" */;
			compatibilityVersion = "Xcode 3.2";
			developmentRegion = English;
			hasScannedForEncodings = 0;
			knownRegions = (
				en,
				Base,
			);
			mainGroup = 866D7A331BD85A68006AE7CF;
			productRefGroup = 866D7A3D1BD85A68006AE7CF /* Products */;
			projectDirPath = "";
			projectRoot = "";
			targets = (
				866D7A3B1BD85A68006AE7CF /* delegationProject */,
			);
		};
/* End PBXProject section */

/* Begin PBXResourcesBuildPhase section */
		866D7A3A1BD85A68006AE7CF /* Resources */ = {
			isa = PBXResourcesBuildPhase;
			buildActionMask = 2147483647;
			files = (
				866D7A4A1BD85A68006AE7CF /* LaunchScreen.storyboard in Resources */,
				866D7A471BD85A68006AE7CF /* Assets.xcassets in Resources */,
				866D7A451BD85A68006AE7CF /* Main.storyboard in Resources */,
			);
			runOnlyForDeploymentPostprocessing = 0;
		};
/* End PBXResourcesBuildPhase section */

/* Begin PBXSourcesBuildPhase section */
		866D7A381BD85A68006AE7CF /* Sources */ = {
			isa = PBXSourcesBuildPhase;
			buildActionMask = 2147483647;
			files = (
				866D7A541BD85AB9006AE7CF /* SecondViewController.swift in Sources */,
				866D7A421BD85A68006AE7CF /* FirstViewController.swift in Sources */,
				866D7A401BD85A68006AE7CF /* AppDelegate.swift in Sources */,
			);
			runOnlyForDeploymentPostprocessing = 0;
		};
/* End PBXSourcesBuildPhase section */

/* Begin PBXVariantGroup section */
		866D7A431BD85A68006AE7CF /* Main.storyboard */ = {
			isa = PBXVariantGroup;
			children = (
				866D7A441BD85A68006AE7CF /* Base */,
			);
			name = Main.storyboard;
			sourceTree = "<group>";
		};
		866D7A481BD85A68006AE7CF /* LaunchScreen.storyboard */ = {
			isa = PBXVariantGroup;
			children = (
				866D7A491BD85A68006AE7CF /* Base */,
			);
			name = LaunchScreen.storyboard;
			sourceTree = "<group>";
		};
/* End PBXVariantGroup section */

/* Begin XCBuildConfiguration section */
		866D7A4C1BD85A68006AE7CF /* Debug */ = {
			isa = XCBuildConfiguration;
			buildSettings = {
				ALWAYS_SEARCH_USER_PATHS = NO;
				CLANG_CXX_LANGUAGE_STANDARD = "gnu++0x";
				CLANG_CXX_LIBRARY = "libc++";
				CLANG_ENABLE_MODULES = YES;
				CLANG_ENABLE_OBJC_ARC = YES;
				CLANG_WARN_BOOL_CONVERSION = YES;
				CLANG_WARN_CONSTANT_CONVERSION = YES;
				CLANG_WARN_DIRECT_OBJC_ISA_USAGE = YES_ERROR;
				CLANG_WARN_EMPTY_BODY = YES;
				CLANG_WARN_ENUM_CONVERSION = YES;
				CLANG_WARN_INT_CONVERSION = YES;
				CLANG_WARN_OBJC_ROOT_CLASS = YES_ERROR;
				CLANG_WARN_UNREACHABLE_CODE = YES;
				CLANG_WARN__DUPLICATE_METHOD_MATCH = YES;
				"CODE_SIGN_IDENTITY[sdk=iphoneos*]" = "iPhone Developer";
				COPY_PHASE_STRIP = NO;
				DEBUG_INFORMATION_FORMAT = dwarf;
				ENABLE_STRICT_OBJC_MSGSEND = YES;
				ENABLE_TESTABILITY = YES;
				GCC_C_LANGUAGE_STANDARD = gnu99;
				GCC_DYNAMIC_NO_PIC = NO;
				GCC_NO_COMMON_BLOCKS = YES;
				GCC_OPTIMIZATION_LEVEL = 0;
				GCC_PREPROCESSOR_DEFINITIONS = (
					"DEBUG=1",
					"$(inherited)",
				);
				GCC_WARN_64_TO_32_BIT_CONVERSION = YES;
				GCC_WARN_ABOUT_RETURN_TYPE = YES_ERROR;
				GCC_WARN_UNDECLARED_SELECTOR = YES;
				GCC_WARN_UNINITIALIZED_AUTOS = YES_AGGRESSIVE;
				GCC_WARN_UNUSED_FUNCTION = YES;
				GCC_WARN_UNUSED_VARIABLE = YES;
				IPHONEOS_DEPLOYMENT_TARGET = 9.0;
				MTL_ENABLE_DEBUG_INFO = YES;
				ONLY_ACTIVE_ARCH = YES;
				SDKROOT = iphoneos;
				SWIFT_OPTIMIZATION_LEVEL = "-Onone";
				TARGETED_DEVICE_FAMILY = "1,2";
			};
			name = Debug;
		};
		866D7A4D1BD85A68006AE7CF /* Release */ = {
			isa = XCBuildConfiguration;
			buildSettings = {
				ALWAYS_SEARCH_USER_PATHS = NO;
				CLANG_CXX_LANGUAGE_STANDARD = "gnu++0x";
				CLANG_CXX_LIBRARY = "libc++";
				CLANG_ENABLE_MODULES = YES;
				CLANG_ENABLE_OBJC_ARC = YES;
				CLANG_WARN_BOOL_CONVERSION = YES;
				CLANG_WARN_CONSTANT_CONVERSION = YES;
				CLANG_WARN_DIRECT_OBJC_ISA_USAGE = YES_ERROR;
				CLANG_WARN_EMPTY_BODY = YES;
				CLANG_WARN_ENUM_CONVERSION = YES;
				CLANG_WARN_INT_CONVERSION = YES;
				CLANG_WARN_OBJC_ROOT_CLASS = YES_ERROR;
				CLANG_WARN_UNREACHABLE_CODE = YES;
				CLANG_WARN__DUPLICATE_METHOD_MATCH = YES;
				"CODE_SIGN_IDENTITY[sdk=iphoneos*]" = "iPhone Developer";
				COPY_PHASE_STRIP = NO;
				DEBUG_INFORMATION_FORMAT = "dwarf-with-dsym";
				ENABLE_NS_ASSERTIONS = NO;
				ENABLE_STRICT_OBJC_MSGSEND = YES;
				GCC_C_LANGUAGE_STANDARD = gnu99;
				GCC_NO_COMMON_BLOCKS = YES;
				GCC_WARN_64_TO_32_BIT_CONVERSION = YES;
				GCC_WARN_ABOUT_RETURN_TYPE = YES_ERROR;
				GCC_WARN_UNDECLARED_SELECTOR = YES;
				GCC_WARN_UNINITIALIZED_AUTOS = YES_AGGRESSIVE;
				GCC_WARN_UNUSED_FUNCTION = YES;
				GCC_WARN_UNUSED_VARIABLE = YES;
				IPHONEOS_DEPLOYMENT_TARGET = 9.0;
				MTL_ENABLE_DEBUG_INFO = NO;
				SDKROOT = iphoneos;
				TARGETED_DEVICE_FAMILY = "1,2";
				VALIDATE_PRODUCT = YES;
			};
			name = Release;
		};
		866D7A4F1BD85A68006AE7CF /* Debug */ = {
			isa = XCBuildConfiguration;
			buildSettings = {
				ASSETCATALOG_COMPILER_APPICON_NAME = AppIcon;
				INFOPLIST_FILE = delegationProject/Info.plist;
				LD_RUNPATH_SEARCH_PATHS = "$(inherited) @executable_path/Frameworks";
				PRODUCT_BUNDLE_IDENTIFIER = io.santiago.lesson2.delegationProject;
				PRODUCT_NAME = "$(TARGET_NAME)";
			};
			name = Debug;
		};
		866D7A501BD85A68006AE7CF /* Release */ = {
			isa = XCBuildConfiguration;
			buildSettings = {
				ASSETCATALOG_COMPILER_APPICON_NAME = AppIcon;
				INFOPLIST_FILE = delegationProject/Info.plist;
				LD_RUNPATH_SEARCH_PATHS = "$(inherited) @executable_path/Frameworks";
				PRODUCT_BUNDLE_IDENTIFIER = io.santiago.lesson2.delegationProject;
				PRODUCT_NAME = "$(TARGET_NAME)";
			};
			name = Release;
		};
/* End XCBuildConfiguration section */

/* Begin XCConfigurationList section */
		866D7A371BD85A68006AE7CF /* Build configuration list for PBXProject "delegationProject" */ = {
			isa = XCConfigurationList;
			buildConfigurations = (
				866D7A4C1BD85A68006AE7CF /* Debug */,
				866D7A4D1BD85A68006AE7CF /* Release */,
			);
			defaultConfigurationIsVisible = 0;
			defaultConfigurationName = Release;
		};
		866D7A4E1BD85A68006AE7CF /* Build configuration list for PBXNativeTarget "delegationProject" */ = {
			isa = XCConfigurationList;
			buildConfigurations = (
				866D7A4F1BD85A68006AE7CF /* Debug */,
				866D7A501BD85A68006AE7CF /* Release */,
			);
			defaultConfigurationIsVisible = 0;
		};
/* End XCConfigurationList section */
	};
	rootObject = 866D7A341BD85A68006AE7CF /* Project object */;
}
