// !$*UTF8*$!
{
	archiveVersion = 1;
	classes = {
	};
	objectVersion = 46;
	objects = {

/* Begin PBXBuildFile section */
		863ECD001BE19DFA00081D41 /* AppDelegate.swift in Sources */ = {isa = PBXBuildFile; fileRef = 863ECCFF1BE19DFA00081D41 /* AppDelegate.swift */; };
		863ECD021BE19DFA00081D41 /* ViewController.swift in Sources */ = {isa = PBXBuildFile; fileRef = 863ECD011BE19DFA00081D41 /* ViewController.swift */; };
		863ECD051BE19DFA00081D41 /* Main.storyboard in Resources */ = {isa = PBXBuildFile; fileRef = 863ECD031BE19DFA00081D41 /* Main.storyboard */; };
		863ECD071BE19DFA00081D41 /* Assets.xcassets in Resources */ = {isa = PBXBuildFile; fileRef = 863ECD061BE19DFA00081D41 /* Assets.xcassets */; };
		863ECD0A1BE19DFA00081D41 /* LaunchScreen.storyboard in Resources */ = {isa = PBXBuildFile; fileRef = 863ECD081BE19DFA00081D41 /* LaunchScreen.storyboard */; };
/* End PBXBuildFile section */

/* Begin PBXFileReference section */
		863ECCFC1BE19DFA00081D41 /* faceSolution.app */ = {isa = PBXFileReference; explicitFileType = wrapper.application; includeInIndex = 0; path = faceSolution.app; sourceTree = BUILT_PRODUCTS_DIR; };
		863ECCFF1BE19DFA00081D41 /* AppDelegate.swift */ = {isa = PBXFileReference; lastKnownFileType = sourcecode.swift; path = AppDelegate.swift; sourceTree = "<group>"; };
		863ECD011BE19DFA00081D41 /* ViewController.swift */ = {isa = PBXFileReference; lastKnownFileType = sourcecode.swift; path = ViewController.swift; sourceTree = "<group>"; };
		863ECD041BE19DFA00081D41 /* Base */ = {isa = PBXFileReference; lastKnownFileType = file.storyboard; name = Base; path = Base.lproj/Main.storyboard; sourceTree = "<group>"; };
		863ECD061BE19DFA00081D41 /* Assets.xcassets */ = {isa = PBXFileReference; lastKnownFileType = folder.assetcatalog; path = Assets.xcassets; sourceTree = "<group>"; };
		863ECD091BE19DFA00081D41 /* Base */ = {isa = PBXFileReference; lastKnownFileType = file.storyboard; name = Base; path = Base.lproj/LaunchScreen.storyboard; sourceTree = "<group>"; };
		863ECD0B1BE19DFA00081D41 /* Info.plist */ = {isa = PBXFileReference; lastKnownFileType = text.plist.xml; path = Info.plist; sourceTree = "<group>"; };
/* End PBXFileReference section */

/* Begin PBXFrameworksBuildPhase section */
		863ECCF91BE19DFA00081D41 /* Frameworks */ = {
			isa = PBXFrameworksBuildPhase;
			buildActionMask = 2147483647;
			files = (
			);
			runOnlyForDeploymentPostprocessing = 0;
		};
/* End PBXFrameworksBuildPhase section */

/* Begin PBXGroup section */
		863ECCF31BE19DFA00081D41 = {
			isa = PBXGroup;
			children = (
				863ECCFE1BE19DFA00081D41 /* faceSolution */,
				863ECCFD1BE19DFA00081D41 /* Products */,
			);
			sourceTree = "<group>";
		};
		863ECCFD1BE19DFA00081D41 /* Products */ = {
			isa = PBXGroup;
			children = (
				863ECCFC1BE19DFA00081D41 /* faceSolution.app */,
			);
			name = Products;
			sourceTree = "<group>";
		};
		863ECCFE1BE19DFA00081D41 /* faceSolution */ = {
			isa = PBXGroup;
			children = (
				863ECCFF1BE19DFA00081D41 /* AppDelegate.swift */,
				863ECD011BE19DFA00081D41 /* ViewController.swift */,
				863ECD031BE19DFA00081D41 /* Main.storyboard */,
				863ECD061BE19DFA00081D41 /* Assets.xcassets */,
				863ECD081BE19DFA00081D41 /* LaunchScreen.storyboard */,
				863ECD0B1BE19DFA00081D41 /* Info.plist */,
			);
			path = faceSolution;
			sourceTree = "<group>";
		};
/* End PBXGroup section */

/* Begin PBXNativeTarget section */
		863ECCFB1BE19DFA00081D41 /* faceSolution */ = {
			isa = PBXNativeTarget;
			buildConfigurationList = 863ECD0E1BE19DFA00081D41 /* Build configuration list for PBXNativeTarget "faceSolution" */;
			buildPhases = (
				863ECCF81BE19DFA00081D41 /* Sources */,
				863ECCF91BE19DFA00081D41 /* Frameworks */,
				863ECCFA1BE19DFA00081D41 /* Resources */,
			);
			buildRules = (
			);
			dependencies = (
			);
			name = faceSolution;
			productName = faceSolution;
			productReference = 863ECCFC1BE19DFA00081D41 /* faceSolution.app */;
			productType = "com.apple.product-type.application";
		};
/* End PBXNativeTarget section */

/* Begin PBXProject section */
		863ECCF41BE19DFA00081D41 /* Project object */ = {
			isa = PBXProject;
			attributes = {
				LastUpgradeCheck = 0700;
				ORGANIZATIONNAME = "Santiago Perez";
				TargetAttributes = {
					863ECCFB1BE19DFA00081D41 = {
						CreatedOnToolsVersion = 7.0.1;
					};
				};
			};
			buildConfigurationList = 863ECCF71BE19DFA00081D41 /* Build configuration list for PBXProject "faceSolution" */;
			compatibilityVersion = "Xcode 3.2";
			developmentRegion = English;
			hasScannedForEncodings = 0;
			knownRegions = (
				en,
				Base,
			);
			mainGroup = 863ECCF31BE19DFA00081D41;
			productRefGroup = 863ECCFD1BE19DFA00081D41 /* Products */;
			projectDirPath = "";
			projectRoot = "";
			targets = (
				863ECCFB1BE19DFA00081D41 /* faceSolution */,
			);
		};
/* End PBXProject section */

/* Begin PBXResourcesBuildPhase section */
		863ECCFA1BE19DFA00081D41 /* Resources */ = {
			isa = PBXResourcesBuildPhase;
			buildActionMask = 2147483647;
			files = (
				863ECD0A1BE19DFA00081D41 /* LaunchScreen.storyboard in Resources */,
				863ECD071BE19DFA00081D41 /* Assets.xcassets in Resources */,
				863ECD051BE19DFA00081D41 /* Main.storyboard in Resources */,
			);
			runOnlyForDeploymentPostprocessing = 0;
		};
/* End PBXResourcesBuildPhase section */

/* Begin PBXSourcesBuildPhase section */
		863ECCF81BE19DFA00081D41 /* Sources */ = {
			isa = PBXSourcesBuildPhase;
			buildActionMask = 2147483647;
			files = (
				863ECD021BE19DFA00081D41 /* ViewController.swift in Sources */,
				863ECD001BE19DFA00081D41 /* AppDelegate.swift in Sources */,
			);
			runOnlyForDeploymentPostprocessing = 0;
		};
/* End PBXSourcesBuildPhase section */

/* Begin PBXVariantGroup section */
		863ECD031BE19DFA00081D41 /* Main.storyboard */ = {
			isa = PBXVariantGroup;
			children = (
				863ECD041BE19DFA00081D41 /* Base */,
			);
			name = Main.storyboard;
			sourceTree = "<group>";
		};
		863ECD081BE19DFA00081D41 /* LaunchScreen.storyboard */ = {
			isa = PBXVariantGroup;
			children = (
				863ECD091BE19DFA00081D41 /* Base */,
			);
			name = LaunchScreen.storyboard;
			sourceTree = "<group>";
		};
/* End PBXVariantGroup section */

/* Begin XCBuildConfiguration section */
		863ECD0C1BE19DFA00081D41 /* Debug */ = {
			isa = XCBuildConfiguration;
			buildSettings = {
				ALWAYS_SEARCH_USER_PATHS = NO;
				CLANG_CXX_LANGUAGE_STANDARD = "gnu++0x";
				CLANG_CXX_LIBRARY = "libc++";
				CLANG_ENABLE_MODULES = YES;
				CLANG_ENABLE_OBJC_ARC = YES;
				CLANG_WARN_BOOL_CONVERSION = YES;
				CLANG_WARN_CONSTANT_CONVERSION = YES;
				CLANG_WARN_DIRECT_OBJC_ISA_USAGE = YES_ERROR;
				CLANG_WARN_EMPTY_BODY = YES;
				CLANG_WARN_ENUM_CONVERSION = YES;
				CLANG_WARN_INT_CONVERSION = YES;
				CLANG_WARN_OBJC_ROOT_CLASS = YES_ERROR;
				CLANG_WARN_UNREACHABLE_CODE = YES;
				CLANG_WARN__DUPLICATE_METHOD_MATCH = YES;
				"CODE_SIGN_IDENTITY[sdk=iphoneos*]" = "iPhone Developer";
				COPY_PHASE_STRIP = NO;
				DEBUG_INFORMATION_FORMAT = dwarf;
				ENABLE_STRICT_OBJC_MSGSEND = YES;
				ENABLE_TESTABILITY = YES;
				GCC_C_LANGUAGE_STANDARD = gnu99;
				GCC_DYNAMIC_NO_PIC = NO;
				GCC_NO_COMMON_BLOCKS = YES;
				GCC_OPTIMIZATION_LEVEL = 0;
				GCC_PREPROCESSOR_DEFINITIONS = (
					"DEBUG=1",
					"$(inherited)",
				);
				GCC_WARN_64_TO_32_BIT_CONVERSION = YES;
				GCC_WARN_ABOUT_RETURN_TYPE = YES_ERROR;
				GCC_WARN_UNDECLARED_SELECTOR = YES;
				GCC_WARN_UNINITIALIZED_AUTOS = YES_AGGRESSIVE;
				GCC_WARN_UNUSED_FUNCTION = YES;
				GCC_WARN_UNUSED_VARIABLE = YES;
				IPHONEOS_DEPLOYMENT_TARGET = 9.0;
				MTL_ENABLE_DEBUG_INFO = YES;
				ONLY_ACTIVE_ARCH = YES;
				SDKROOT = iphoneos;
				SWIFT_OPTIMIZATION_LEVEL = "-Onone";
				TARGETED_DEVICE_FAMILY = "1,2";
			};
			name = Debug;
		};
		863ECD0D1BE19DFA00081D41 /* Release */ = {
			isa = XCBuildConfiguration;
			buildSettings = {
				ALWAYS_SEARCH_USER_PATHS = NO;
				CLANG_CXX_LANGUAGE_STANDARD = "gnu++0x";
				CLANG_CXX_LIBRARY = "libc++";
				CLANG_ENABLE_MODULES = YES;
				CLANG_ENABLE_OBJC_ARC = YES;
				CLANG_WARN_BOOL_CONVERSION = YES;
				CLANG_WARN_CONSTANT_CONVERSION = YES;
				CLANG_WARN_DIRECT_OBJC_ISA_USAGE = YES_ERROR;
				CLANG_WARN_EMPTY_BODY = YES;
				CLANG_WARN_ENUM_CONVERSION = YES;
				CLANG_WARN_INT_CONVERSION = YES;
				CLANG_WARN_OBJC_ROOT_CLASS = YES_ERROR;
				CLANG_WARN_UNREACHABLE_CODE = YES;
				CLANG_WARN__DUPLICATE_METHOD_MATCH = YES;
				"CODE_SIGN_IDENTITY[sdk=iphoneos*]" = "iPhone Developer";
				COPY_PHASE_STRIP = NO;
				DEBUG_INFORMATION_FORMAT = "dwarf-with-dsym";
				ENABLE_NS_ASSERTIONS = NO;
				ENABLE_STRICT_OBJC_MSGSEND = YES;
				GCC_C_LANGUAGE_STANDARD = gnu99;
				GCC_NO_COMMON_BLOCKS = YES;
				GCC_WARN_64_TO_32_BIT_CONVERSION = YES;
				GCC_WARN_ABOUT_RETURN_TYPE = YES_ERROR;
				GCC_WARN_UNDECLARED_SELECTOR = YES;
				GCC_WARN_UNINITIALIZED_AUTOS = YES_AGGRESSIVE;
				GCC_WARN_UNUSED_FUNCTION = YES;
				GCC_WARN_UNUSED_VARIABLE = YES;
				IPHONEOS_DEPLOYMENT_TARGET = 9.0;
				MTL_ENABLE_DEBUG_INFO = NO;
				SDKROOT = iphoneos;
				TARGETED_DEVICE_FAMILY = "1,2";
				VALIDATE_PRODUCT = YES;
			};
			name = Release;
		};
		863ECD0F1BE19DFA00081D41 /* Debug */ = {
			isa = XCBuildConfiguration;
			buildSettings = {
				ASSETCATALOG_COMPILER_APPICON_NAME = AppIcon;
				INFOPLIST_FILE = faceSolution/Info.plist;
				LD_RUNPATH_SEARCH_PATHS = "$(inherited) @executable_path/Frameworks";
				PRODUCT_BUNDLE_IDENTIFIER = io.santiago.lesson2.faceSolution;
				PRODUCT_NAME = "$(TARGET_NAME)";
			};
			name = Debug;
		};
		863ECD101BE19DFA00081D41 /* Release */ = {
			isa = XCBuildConfiguration;
			buildSettings = {
				ASSETCATALOG_COMPILER_APPICON_NAME = AppIcon;
				INFOPLIST_FILE = faceSolution/Info.plist;
				LD_RUNPATH_SEARCH_PATHS = "$(inherited) @executable_path/Frameworks";
				PRODUCT_BUNDLE_IDENTIFIER = io.santiago.lesson2.faceSolution;
				PRODUCT_NAME = "$(TARGET_NAME)";
			};
			name = Release;
		};
/* End XCBuildConfiguration section */

/* Begin XCConfigurationList section */
		863ECCF71BE19DFA00081D41 /* Build configuration list for PBXProject "faceSolution" */ = {
			isa = XCConfigurationList;
			buildConfigurations = (
				863ECD0C1BE19DFA00081D41 /* Debug */,
				863ECD0D1BE19DFA00081D41 /* Release */,
			);
			defaultConfigurationIsVisible = 0;
			defaultConfigurationName = Release;
		};
		863ECD0E1BE19DFA00081D41 /* Build configuration list for PBXNativeTarget "faceSolution" */ = {
			isa = XCConfigurationList;
			buildConfigurations = (
				863ECD0F1BE19DFA00081D41 /* Debug */,
				863ECD101BE19DFA00081D41 /* Release */,
			);
			defaultConfigurationIsVisible = 0;
		};
/* End XCConfigurationList section */
	};
	rootObject = 863ECCF41BE19DFA00081D41 /* Project object */;
}
