// !$*UTF8*$!
{
	archiveVersion = 1;
	classes = {
	};
	objectVersion = 46;
	objects = {

/* Begin PBXBuildFile section */
		860A08A31BCC747100F31D93 /* AppDelegate.swift in Sources */ = {isa = PBXBuildFile; fileRef = 860A08A21BCC747100F31D93 /* AppDelegate.swift */; };
		860A08A51BCC747100F31D93 /* ViewController.swift in Sources */ = {isa = PBXBuildFile; fileRef = 860A08A41BCC747100F31D93 /* ViewController.swift */; };
		860A08A81BCC747100F31D93 /* Main.storyboard in Resources */ = {isa = PBXBuildFile; fileRef = 860A08A61BCC747100F31D93 /* Main.storyboard */; };
		860A08AA1BCC747100F31D93 /* Assets.xcassets in Resources */ = {isa = PBXBuildFile; fileRef = 860A08A91BCC747100F31D93 /* Assets.xcassets */; };
		860A08AD1BCC747100F31D93 /* LaunchScreen.storyboard in Resources */ = {isa = PBXBuildFile; fileRef = 860A08AB1BCC747100F31D93 /* LaunchScreen.storyboard */; };
		860A08B81BCC747100F31D93 /* introToClassesTests.swift in Sources */ = {isa = PBXBuildFile; fileRef = 860A08B71BCC747100F31D93 /* introToClassesTests.swift */; };
		860A08C31BCC747100F31D93 /* introToClassesUITests.swift in Sources */ = {isa = PBXBuildFile; fileRef = 860A08C21BCC747100F31D93 /* introToClassesUITests.swift */; };
		860A090B1BCC92D800F31D93 /* LoginController.swift in Sources */ = {isa = PBXBuildFile; fileRef = 860A090A1BCC92D800F31D93 /* LoginController.swift */; settings = {ASSET_TAGS = (); }; };
/* End PBXBuildFile section */

/* Begin PBXContainerItemProxy section */
		860A08B41BCC747100F31D93 /* PBXContainerItemProxy */ = {
			isa = PBXContainerItemProxy;
			containerPortal = 860A08971BCC747100F31D93 /* Project object */;
			proxyType = 1;
			remoteGlobalIDString = 860A089E1BCC747100F31D93;
			remoteInfo = introToClasses;
		};
		860A08BF1BCC747100F31D93 /* PBXContainerItemProxy */ = {
			isa = PBXContainerItemProxy;
			containerPortal = 860A08971BCC747100F31D93 /* Project object */;
			proxyType = 1;
			remoteGlobalIDString = 860A089E1BCC747100F31D93;
			remoteInfo = introToClasses;
		};
/* End PBXContainerItemProxy section */

/* Begin PBXFileReference section */
		860A089F1BCC747100F31D93 /* introToClasses.app */ = {isa = PBXFileReference; explicitFileType = wrapper.application; includeInIndex = 0; path = introToClasses.app; sourceTree = BUILT_PRODUCTS_DIR; };
		860A08A21BCC747100F31D93 /* AppDelegate.swift */ = {isa = PBXFileReference; lastKnownFileType = sourcecode.swift; path = AppDelegate.swift; sourceTree = "<group>"; };
		860A08A41BCC747100F31D93 /* ViewController.swift */ = {isa = PBXFileReference; lastKnownFileType = sourcecode.swift; path = ViewController.swift; sourceTree = "<group>"; };
		860A08A71BCC747100F31D93 /* Base */ = {isa = PBXFileReference; lastKnownFileType = file.storyboard; name = Base; path = Base.lproj/Main.storyboard; sourceTree = "<group>"; };
		860A08A91BCC747100F31D93 /* Assets.xcassets */ = {isa = PBXFileReference; lastKnownFileType = folder.assetcatalog; path = Assets.xcassets; sourceTree = "<group>"; };
		860A08AC1BCC747100F31D93 /* Base */ = {isa = PBXFileReference; lastKnownFileType = file.storyboard; name = Base; path = Base.lproj/LaunchScreen.storyboard; sourceTree = "<group>"; };
		860A08AE1BCC747100F31D93 /* Info.plist */ = {isa = PBXFileReference; lastKnownFileType = text.plist.xml; path = Info.plist; sourceTree = "<group>"; };
		860A08B31BCC747100F31D93 /* introToClassesTests.xctest */ = {isa = PBXFileReference; explicitFileType = wrapper.cfbundle; includeInIndex = 0; path = introToClassesTests.xctest; sourceTree = BUILT_PRODUCTS_DIR; };
		860A08B71BCC747100F31D93 /* introToClassesTests.swift */ = {isa = PBXFileReference; lastKnownFileType = sourcecode.swift; path = introToClassesTests.swift; sourceTree = "<group>"; };
		860A08B91BCC747100F31D93 /* Info.plist */ = {isa = PBXFileReference; lastKnownFileType = text.plist.xml; path = Info.plist; sourceTree = "<group>"; };
		860A08BE1BCC747100F31D93 /* introToClassesUITests.xctest */ = {isa = PBXFileReference; explicitFileType = wrapper.cfbundle; includeInIndex = 0; path = introToClassesUITests.xctest; sourceTree = BUILT_PRODUCTS_DIR; };
		860A08C21BCC747100F31D93 /* introToClassesUITests.swift */ = {isa = PBXFileReference; lastKnownFileType = sourcecode.swift; path = introToClassesUITests.swift; sourceTree = "<group>"; };
		860A08C41BCC747100F31D93 /* Info.plist */ = {isa = PBXFileReference; lastKnownFileType = text.plist.xml; path = Info.plist; sourceTree = "<group>"; };
		860A090A1BCC92D800F31D93 /* LoginController.swift */ = {isa = PBXFileReference; fileEncoding = 4; lastKnownFileType = sourcecode.swift; path = LoginController.swift; sourceTree = "<group>"; };
/* End PBXFileReference section */

/* Begin PBXFrameworksBuildPhase section */
		860A089C1BCC747100F31D93 /* Frameworks */ = {
			isa = PBXFrameworksBuildPhase;
			buildActionMask = 2147483647;
			files = (
			);
			runOnlyForDeploymentPostprocessing = 0;
		};
		860A08B01BCC747100F31D93 /* Frameworks */ = {
			isa = PBXFrameworksBuildPhase;
			buildActionMask = 2147483647;
			files = (
			);
			runOnlyForDeploymentPostprocessing = 0;
		};
		860A08BB1BCC747100F31D93 /* Frameworks */ = {
			isa = PBXFrameworksBuildPhase;
			buildActionMask = 2147483647;
			files = (
			);
			runOnlyForDeploymentPostprocessing = 0;
		};
/* End PBXFrameworksBuildPhase section */

/* Begin PBXGroup section */
		860A08961BCC747100F31D93 = {
			isa = PBXGroup;
			children = (
				860A08A11BCC747100F31D93 /* introToClasses */,
				860A08B61BCC747100F31D93 /* introToClassesTests */,
				860A08C11BCC747100F31D93 /* introToClassesUITests */,
				860A08A01BCC747100F31D93 /* Products */,
			);
			sourceTree = "<group>";
		};
		860A08A01BCC747100F31D93 /* Products */ = {
			isa = PBXGroup;
			children = (
				860A089F1BCC747100F31D93 /* introToClasses.app */,
				860A08B31BCC747100F31D93 /* introToClassesTests.xctest */,
				860A08BE1BCC747100F31D93 /* introToClassesUITests.xctest */,
			);
			name = Products;
			sourceTree = "<group>";
		};
		860A08A11BCC747100F31D93 /* introToClasses */ = {
			isa = PBXGroup;
			children = (
				860A08A21BCC747100F31D93 /* AppDelegate.swift */,
				860A08A41BCC747100F31D93 /* ViewController.swift */,
				860A08A61BCC747100F31D93 /* Main.storyboard */,
				860A08A91BCC747100F31D93 /* Assets.xcassets */,
				860A08AB1BCC747100F31D93 /* LaunchScreen.storyboard */,
				860A08AE1BCC747100F31D93 /* Info.plist */,
				860A090A1BCC92D800F31D93 /* LoginController.swift */,
			);
			path = introToClasses;
			sourceTree = "<group>";
		};
		860A08B61BCC747100F31D93 /* introToClassesTests */ = {
			isa = PBXGroup;
			children = (
				860A08B71BCC747100F31D93 /* introToClassesTests.swift */,
				860A08B91BCC747100F31D93 /* Info.plist */,
			);
			path = introToClassesTests;
			sourceTree = "<group>";
		};
		860A08C11BCC747100F31D93 /* introToClassesUITests */ = {
			isa = PBXGroup;
			children = (
				860A08C21BCC747100F31D93 /* introToClassesUITests.swift */,
				860A08C41BCC747100F31D93 /* Info.plist */,
			);
			path = introToClassesUITests;
			sourceTree = "<group>";
		};
/* End PBXGroup section */

/* Begin PBXNativeTarget section */
		860A089E1BCC747100F31D93 /* introToClasses */ = {
			isa = PBXNativeTarget;
			buildConfigurationList = 860A08C71BCC747100F31D93 /* Build configuration list for PBXNativeTarget "introToClasses" */;
			buildPhases = (
				860A089B1BCC747100F31D93 /* Sources */,
				860A089C1BCC747100F31D93 /* Frameworks */,
				860A089D1BCC747100F31D93 /* Resources */,
			);
			buildRules = (
			);
			dependencies = (
			);
			name = introToClasses;
			productName = introToClasses;
			productReference = 860A089F1BCC747100F31D93 /* introToClasses.app */;
			productType = "com.apple.product-type.application";
		};
		860A08B21BCC747100F31D93 /* introToClassesTests */ = {
			isa = PBXNativeTarget;
			buildConfigurationList = 860A08CA1BCC747100F31D93 /* Build configuration list for PBXNativeTarget "introToClassesTests" */;
			buildPhases = (
				860A08AF1BCC747100F31D93 /* Sources */,
				860A08B01BCC747100F31D93 /* Frameworks */,
				860A08B11BCC747100F31D93 /* Resources */,
			);
			buildRules = (
			);
			dependencies = (
				860A08B51BCC747100F31D93 /* PBXTargetDependency */,
			);
			name = introToClassesTests;
			productName = introToClassesTests;
			productReference = 860A08B31BCC747100F31D93 /* introToClassesTests.xctest */;
			productType = "com.apple.product-type.bundle.unit-test";
		};
		860A08BD1BCC747100F31D93 /* introToClassesUITests */ = {
			isa = PBXNativeTarget;
			buildConfigurationList = 860A08CD1BCC747100F31D93 /* Build configuration list for PBXNativeTarget "introToClassesUITests" */;
			buildPhases = (
				860A08BA1BCC747100F31D93 /* Sources */,
				860A08BB1BCC747100F31D93 /* Frameworks */,
				860A08BC1BCC747100F31D93 /* Resources */,
			);
			buildRules = (
			);
			dependencies = (
				860A08C01BCC747100F31D93 /* PBXTargetDependency */,
			);
			name = introToClassesUITests;
			productName = introToClassesUITests;
			productReference = 860A08BE1BCC747100F31D93 /* introToClassesUITests.xctest */;
			productType = "com.apple.product-type.bundle.ui-testing";
		};
/* End PBXNativeTarget section */

/* Begin PBXProject section */
		860A08971BCC747100F31D93 /* Project object */ = {
			isa = PBXProject;
			attributes = {
				LastUpgradeCheck = 0700;
				ORGANIZATIONNAME = "Santiago Perez";
				TargetAttributes = {
					860A089E1BCC747100F31D93 = {
						CreatedOnToolsVersion = 7.0.1;
					};
					860A08B21BCC747100F31D93 = {
						CreatedOnToolsVersion = 7.0.1;
						TestTargetID = 860A089E1BCC747100F31D93;
					};
					860A08BD1BCC747100F31D93 = {
						CreatedOnToolsVersion = 7.0.1;
						TestTargetID = 860A089E1BCC747100F31D93;
					};
				};
			};
			buildConfigurationList = 860A089A1BCC747100F31D93 /* Build configuration list for PBXProject "introToClasses" */;
			compatibilityVersion = "Xcode 3.2";
			developmentRegion = English;
			hasScannedForEncodings = 0;
			knownRegions = (
				en,
				Base,
			);
			mainGroup = 860A08961BCC747100F31D93;
			productRefGroup = 860A08A01BCC747100F31D93 /* Products */;
			projectDirPath = "";
			projectRoot = "";
			targets = (
				860A089E1BCC747100F31D93 /* introToClasses */,
				860A08B21BCC747100F31D93 /* introToClassesTests */,
				860A08BD1BCC747100F31D93 /* introToClassesUITests */,
			);
		};
/* End PBXProject section */

/* Begin PBXResourcesBuildPhase section */
		860A089D1BCC747100F31D93 /* Resources */ = {
			isa = PBXResourcesBuildPhase;
			buildActionMask = 2147483647;
			files = (
				860A08AD1BCC747100F31D93 /* LaunchScreen.storyboard in Resources */,
				860A08AA1BCC747100F31D93 /* Assets.xcassets in Resources */,
				860A08A81BCC747100F31D93 /* Main.storyboard in Resources */,
			);
			runOnlyForDeploymentPostprocessing = 0;
		};
		860A08B11BCC747100F31D93 /* Resources */ = {
			isa = PBXResourcesBuildPhase;
			buildActionMask = 2147483647;
			files = (
			);
			runOnlyForDeploymentPostprocessing = 0;
		};
		860A08BC1BCC747100F31D93 /* Resources */ = {
			isa = PBXResourcesBuildPhase;
			buildActionMask = 2147483647;
			files = (
			);
			runOnlyForDeploymentPostprocessing = 0;
		};
/* End PBXResourcesBuildPhase section */

/* Begin PBXSourcesBuildPhase section */
		860A089B1BCC747100F31D93 /* Sources */ = {
			isa = PBXSourcesBuildPhase;
			buildActionMask = 2147483647;
			files = (
				860A08A51BCC747100F31D93 /* ViewController.swift in Sources */,
				860A090B1BCC92D800F31D93 /* LoginController.swift in Sources */,
				860A08A31BCC747100F31D93 /* AppDelegate.swift in Sources */,
			);
			runOnlyForDeploymentPostprocessing = 0;
		};
		860A08AF1BCC747100F31D93 /* Sources */ = {
			isa = PBXSourcesBuildPhase;
			buildActionMask = 2147483647;
			files = (
				860A08B81BCC747100F31D93 /* introToClassesTests.swift in Sources */,
			);
			runOnlyForDeploymentPostprocessing = 0;
		};
		860A08BA1BCC747100F31D93 /* Sources */ = {
			isa = PBXSourcesBuildPhase;
			buildActionMask = 2147483647;
			files = (
				860A08C31BCC747100F31D93 /* introToClassesUITests.swift in Sources */,
			);
			runOnlyForDeploymentPostprocessing = 0;
		};
/* End PBXSourcesBuildPhase section */

/* Begin PBXTargetDependency section */
		860A08B51BCC747100F31D93 /* PBXTargetDependency */ = {
			isa = PBXTargetDependency;
			target = 860A089E1BCC747100F31D93 /* introToClasses */;
			targetProxy = 860A08B41BCC747100F31D93 /* PBXContainerItemProxy */;
		};
		860A08C01BCC747100F31D93 /* PBXTargetDependency */ = {
			isa = PBXTargetDependency;
			target = 860A089E1BCC747100F31D93 /* introToClasses */;
			targetProxy = 860A08BF1BCC747100F31D93 /* PBXContainerItemProxy */;
		};
/* End PBXTargetDependency section */

/* Begin PBXVariantGroup section */
		860A08A61BCC747100F31D93 /* Main.storyboard */ = {
			isa = PBXVariantGroup;
			children = (
				860A08A71BCC747100F31D93 /* Base */,
			);
			name = Main.storyboard;
			sourceTree = "<group>";
		};
		860A08AB1BCC747100F31D93 /* LaunchScreen.storyboard */ = {
			isa = PBXVariantGroup;
			children = (
				860A08AC1BCC747100F31D93 /* Base */,
			);
			name = LaunchScreen.storyboard;
			sourceTree = "<group>";
		};
/* End PBXVariantGroup section */

/* Begin XCBuildConfiguration section */
		860A08C51BCC747100F31D93 /* Debug */ = {
			isa = XCBuildConfiguration;
			buildSettings = {
				ALWAYS_SEARCH_USER_PATHS = NO;
				CLANG_CXX_LANGUAGE_STANDARD = "gnu++0x";
				CLANG_CXX_LIBRARY = "libc++";
				CLANG_ENABLE_MODULES = YES;
				CLANG_ENABLE_OBJC_ARC = YES;
				CLANG_WARN_BOOL_CONVERSION = YES;
				CLANG_WARN_CONSTANT_CONVERSION = YES;
				CLANG_WARN_DIRECT_OBJC_ISA_USAGE = YES_ERROR;
				CLANG_WARN_EMPTY_BODY = YES;
				CLANG_WARN_ENUM_CONVERSION = YES;
				CLANG_WARN_INT_CONVERSION = YES;
				CLANG_WARN_OBJC_ROOT_CLASS = YES_ERROR;
				CLANG_WARN_UNREACHABLE_CODE = YES;
				CLANG_WARN__DUPLICATE_METHOD_MATCH = YES;
				"CODE_SIGN_IDENTITY[sdk=iphoneos*]" = "iPhone Developer";
				COPY_PHASE_STRIP = NO;
				DEBUG_INFORMATION_FORMAT = dwarf;
				ENABLE_STRICT_OBJC_MSGSEND = YES;
				ENABLE_TESTABILITY = YES;
				GCC_C_LANGUAGE_STANDARD = gnu99;
				GCC_DYNAMIC_NO_PIC = NO;
				GCC_NO_COMMON_BLOCKS = YES;
				GCC_OPTIMIZATION_LEVEL = 0;
				GCC_PREPROCESSOR_DEFINITIONS = (
					"DEBUG=1",
					"$(inherited)",
				);
				GCC_WARN_64_TO_32_BIT_CONVERSION = YES;
				GCC_WARN_ABOUT_RETURN_TYPE = YES_ERROR;
				GCC_WARN_UNDECLARED_SELECTOR = YES;
				GCC_WARN_UNINITIALIZED_AUTOS = YES_AGGRESSIVE;
				GCC_WARN_UNUSED_FUNCTION = YES;
				GCC_WARN_UNUSED_VARIABLE = YES;
				IPHONEOS_DEPLOYMENT_TARGET = 9.0;
				MTL_ENABLE_DEBUG_INFO = YES;
				ONLY_ACTIVE_ARCH = YES;
				SDKROOT = iphoneos;
				SWIFT_OPTIMIZATION_LEVEL = "-Onone";
				TARGETED_DEVICE_FAMILY = "1,2";
			};
			name = Debug;
		};
		860A08C61BCC747100F31D93 /* Release */ = {
			isa = XCBuildConfiguration;
			buildSettings = {
				ALWAYS_SEARCH_USER_PATHS = NO;
				CLANG_CXX_LANGUAGE_STANDARD = "gnu++0x";
				CLANG_CXX_LIBRARY = "libc++";
				CLANG_ENABLE_MODULES = YES;
				CLANG_ENABLE_OBJC_ARC = YES;
				CLANG_WARN_BOOL_CONVERSION = YES;
				CLANG_WARN_CONSTANT_CONVERSION = YES;
				CLANG_WARN_DIRECT_OBJC_ISA_USAGE = YES_ERROR;
				CLANG_WARN_EMPTY_BODY = YES;
				CLANG_WARN_ENUM_CONVERSION = YES;
				CLANG_WARN_INT_CONVERSION = YES;
				CLANG_WARN_OBJC_ROOT_CLASS = YES_ERROR;
				CLANG_WARN_UNREACHABLE_CODE = YES;
				CLANG_WARN__DUPLICATE_METHOD_MATCH = YES;
				"CODE_SIGN_IDENTITY[sdk=iphoneos*]" = "iPhone Developer";
				COPY_PHASE_STRIP = NO;
				DEBUG_INFORMATION_FORMAT = "dwarf-with-dsym";
				ENABLE_NS_ASSERTIONS = NO;
				ENABLE_STRICT_OBJC_MSGSEND = YES;
				GCC_C_LANGUAGE_STANDARD = gnu99;
				GCC_NO_COMMON_BLOCKS = YES;
				GCC_WARN_64_TO_32_BIT_CONVERSION = YES;
				GCC_WARN_ABOUT_RETURN_TYPE = YES_ERROR;
				GCC_WARN_UNDECLARED_SELECTOR = YES;
				GCC_WARN_UNINITIALIZED_AUTOS = YES_AGGRESSIVE;
				GCC_WARN_UNUSED_FUNCTION = YES;
				GCC_WARN_UNUSED_VARIABLE = YES;
				IPHONEOS_DEPLOYMENT_TARGET = 9.0;
				MTL_ENABLE_DEBUG_INFO = NO;
				SDKROOT = iphoneos;
				TARGETED_DEVICE_FAMILY = "1,2";
				VALIDATE_PRODUCT = YES;
			};
			name = Release;
		};
		860A08C81BCC747100F31D93 /* Debug */ = {
			isa = XCBuildConfiguration;
			buildSettings = {
				ASSETCATALOG_COMPILER_APPICON_NAME = AppIcon;
				INFOPLIST_FILE = introToClasses/Info.plist;
				LD_RUNPATH_SEARCH_PATHS = "$(inherited) @executable_path/Frameworks";
				PRODUCT_BUNDLE_IDENTIFIER = io.santiago.lesson2.introToClasses;
				PRODUCT_NAME = "$(TARGET_NAME)";
			};
			name = Debug;
		};
		860A08C91BCC747100F31D93 /* Release */ = {
			isa = XCBuildConfiguration;
			buildSettings = {
				ASSETCATALOG_COMPILER_APPICON_NAME = AppIcon;
				INFOPLIST_FILE = introToClasses/Info.plist;
				LD_RUNPATH_SEARCH_PATHS = "$(inherited) @executable_path/Frameworks";
				PRODUCT_BUNDLE_IDENTIFIER = io.santiago.lesson2.introToClasses;
				PRODUCT_NAME = "$(TARGET_NAME)";
			};
			name = Release;
		};
		860A08CB1BCC747100F31D93 /* Debug */ = {
			isa = XCBuildConfiguration;
			buildSettings = {
				BUNDLE_LOADER = "$(TEST_HOST)";
				INFOPLIST_FILE = introToClassesTests/Info.plist;
				LD_RUNPATH_SEARCH_PATHS = "$(inherited) @executable_path/Frameworks @loader_path/Frameworks";
				PRODUCT_BUNDLE_IDENTIFIER = io.santiago.lesson2.introToClassesTests;
				PRODUCT_NAME = "$(TARGET_NAME)";
				TEST_HOST = "$(BUILT_PRODUCTS_DIR)/introToClasses.app/introToClasses";
			};
			name = Debug;
		};
		860A08CC1BCC747100F31D93 /* Release */ = {
			isa = XCBuildConfiguration;
			buildSettings = {
				BUNDLE_LOADER = "$(TEST_HOST)";
				INFOPLIST_FILE = introToClassesTests/Info.plist;
				LD_RUNPATH_SEARCH_PATHS = "$(inherited) @executable_path/Frameworks @loader_path/Frameworks";
				PRODUCT_BUNDLE_IDENTIFIER = io.santiago.lesson2.introToClassesTests;
				PRODUCT_NAME = "$(TARGET_NAME)";
				TEST_HOST = "$(BUILT_PRODUCTS_DIR)/introToClasses.app/introToClasses";
			};
			name = Release;
		};
		860A08CE1BCC747100F31D93 /* Debug */ = {
			isa = XCBuildConfiguration;
			buildSettings = {
				INFOPLIST_FILE = introToClassesUITests/Info.plist;
				LD_RUNPATH_SEARCH_PATHS = "$(inherited) @executable_path/Frameworks @loader_path/Frameworks";
				PRODUCT_BUNDLE_IDENTIFIER = io.santiago.lesson2.introToClassesUITests;
				PRODUCT_NAME = "$(TARGET_NAME)";
				TEST_TARGET_NAME = introToClasses;
				USES_XCTRUNNER = YES;
			};
			name = Debug;
		};
		860A08CF1BCC747100F31D93 /* Release */ = {
			isa = XCBuildConfiguration;
			buildSettings = {
				INFOPLIST_FILE = introToClassesUITests/Info.plist;
				LD_RUNPATH_SEARCH_PATHS = "$(inherited) @executable_path/Frameworks @loader_path/Frameworks";
				PRODUCT_BUNDLE_IDENTIFIER = io.santiago.lesson2.introToClassesUITests;
				PRODUCT_NAME = "$(TARGET_NAME)";
				TEST_TARGET_NAME = introToClasses;
				USES_XCTRUNNER = YES;
			};
			name = Release;
		};
/* End XCBuildConfiguration section */

/* Begin XCConfigurationList section */
		860A089A1BCC747100F31D93 /* Build configuration list for PBXProject "introToClasses" */ = {
			isa = XCConfigurationList;
			buildConfigurations = (
				860A08C51BCC747100F31D93 /* Debug */,
				860A08C61BCC747100F31D93 /* Release */,
			);
			defaultConfigurationIsVisible = 0;
			defaultConfigurationName = Release;
		};
		860A08C71BCC747100F31D93 /* Build configuration list for PBXNativeTarget "introToClasses" */ = {
			isa = XCConfigurationList;
			buildConfigurations = (
				860A08C81BCC747100F31D93 /* Debug */,
				860A08C91BCC747100F31D93 /* Release */,
			);
			defaultConfigurationIsVisible = 0;
			defaultConfigurationName = Release;
		};
		860A08CA1BCC747100F31D93 /* Build configuration list for PBXNativeTarget "introToClassesTests" */ = {
			isa = XCConfigurationList;
			buildConfigurations = (
				860A08CB1BCC747100F31D93 /* Debug */,
				860A08CC1BCC747100F31D93 /* Release */,
			);
			defaultConfigurationIsVisible = 0;
			defaultConfigurationName = Release;
		};
		860A08CD1BCC747100F31D93 /* Build configuration list for PBXNativeTarget "introToClassesUITests" */ = {
			isa = XCConfigurationList;
			buildConfigurations = (
				860A08CE1BCC747100F31D93 /* Debug */,
				860A08CF1BCC747100F31D93 /* Release */,
			);
			defaultConfigurationIsVisible = 0;
			defaultConfigurationName = Release;
		};
/* End XCConfigurationList section */
	};
	rootObject = 860A08971BCC747100F31D93 /* Project object */;
}
