// !$*UTF8*$!
{
	archiveVersion = 1;
	classes = {
	};
	objectVersion = 46;
	objects = {

/* Begin PBXBuildFile section */
		4F888C13A04B0DA0402C8766 /* Pods_WeatherProject.framework in Frameworks */ = {isa = PBXBuildFile; fileRef = DE307D41F05C1312221D5589 /* Pods_WeatherProject.framework */; };
		86457D7D1C16586B002CC420 /* SecondViewController.swift in Sources */ = {isa = PBXBuildFile; fileRef = 86457D7C1C16586B002CC420 /* SecondViewController.swift */; };
		867A796C1C1652DB00540D50 /* AppDelegate.swift in Sources */ = {isa = PBXBuildFile; fileRef = 867A796B1C1652DB00540D50 /* AppDelegate.swift */; };
		867A796E1C1652DB00540D50 /* ViewController.swift in Sources */ = {isa = PBXBuildFile; fileRef = 867A796D1C1652DB00540D50 /* ViewController.swift */; };
		867A79711C1652DB00540D50 /* Main.storyboard in Resources */ = {isa = PBXBuildFile; fileRef = 867A796F1C1652DB00540D50 /* Main.storyboard */; };
		867A79731C1652DB00540D50 /* Assets.xcassets in Resources */ = {isa = PBXBuildFile; fileRef = 867A79721C1652DB00540D50 /* Assets.xcassets */; };
		867A79761C1652DB00540D50 /* LaunchScreen.storyboard in Resources */ = {isa = PBXBuildFile; fileRef = 867A79741C1652DB00540D50 /* LaunchScreen.storyboard */; };
/* End PBXBuildFile section */

/* Begin PBXFileReference section */
		748156DAEB8A69A929A448B6 /* Pods-WeatherProject.debug.xcconfig */ = {isa = PBXFileReference; includeInIndex = 1; lastKnownFileType = text.xcconfig; name = "Pods-WeatherProject.debug.xcconfig"; path = "Pods/Target Support Files/Pods-WeatherProject/Pods-WeatherProject.debug.xcconfig"; sourceTree = "<group>"; };
		86457D7C1C16586B002CC420 /* SecondViewController.swift */ = {isa = PBXFileReference; fileEncoding = 4; lastKnownFileType = sourcecode.swift; path = SecondViewController.swift; sourceTree = "<group>"; };
		867A79681C1652DB00540D50 /* WeatherProject.app */ = {isa = PBXFileReference; explicitFileType = wrapper.application; includeInIndex = 0; path = WeatherProject.app; sourceTree = BUILT_PRODUCTS_DIR; };
		867A796B1C1652DB00540D50 /* AppDelegate.swift */ = {isa = PBXFileReference; lastKnownFileType = sourcecode.swift; path = AppDelegate.swift; sourceTree = "<group>"; };
		867A796D1C1652DB00540D50 /* ViewController.swift */ = {isa = PBXFileReference; lastKnownFileType = sourcecode.swift; path = ViewController.swift; sourceTree = "<group>"; };
		867A79701C1652DB00540D50 /* Base */ = {isa = PBXFileReference; lastKnownFileType = file.storyboard; name = Base; path = Base.lproj/Main.storyboard; sourceTree = "<group>"; };
		867A79721C1652DB00540D50 /* Assets.xcassets */ = {isa = PBXFileReference; lastKnownFileType = folder.assetcatalog; path = Assets.xcassets; sourceTree = "<group>"; };
		867A79751C1652DB00540D50 /* Base */ = {isa = PBXFileReference; lastKnownFileType = file.storyboard; name = Base; path = Base.lproj/LaunchScreen.storyboard; sourceTree = "<group>"; };
		867A79771C1652DB00540D50 /* Info.plist */ = {isa = PBXFileReference; lastKnownFileType = text.plist.xml; path = Info.plist; sourceTree = "<group>"; };
		B53685DA1C03A367846D9F0A /* Pods-WeatherProject.release.xcconfig */ = {isa = PBXFileReference; includeInIndex = 1; lastKnownFileType = text.xcconfig; name = "Pods-WeatherProject.release.xcconfig"; path = "Pods/Target Support Files/Pods-WeatherProject/Pods-WeatherProject.release.xcconfig"; sourceTree = "<group>"; };
		DE307D41F05C1312221D5589 /* Pods_WeatherProject.framework */ = {isa = PBXFileReference; explicitFileType = wrapper.framework; includeInIndex = 0; path = Pods_WeatherProject.framework; sourceTree = BUILT_PRODUCTS_DIR; };
/* End PBXFileReference section */

/* Begin PBXFrameworksBuildPhase section */
		867A79651C1652DB00540D50 /* Frameworks */ = {
			isa = PBXFrameworksBuildPhase;
			buildActionMask = 2147483647;
			files = (
				4F888C13A04B0DA0402C8766 /* Pods_WeatherProject.framework in Frameworks */,
			);
			runOnlyForDeploymentPostprocessing = 0;
		};
/* End PBXFrameworksBuildPhase section */

/* Begin PBXGroup section */
		48140B080414F281CE670063 /* Frameworks */ = {
			isa = PBXGroup;
			children = (
				DE307D41F05C1312221D5589 /* Pods_WeatherProject.framework */,
			);
			name = Frameworks;
			sourceTree = "<group>";
		};
		867A795F1C1652DB00540D50 = {
			isa = PBXGroup;
			children = (
				867A796A1C1652DB00540D50 /* WeatherProject */,
				867A79691C1652DB00540D50 /* Products */,
				BB6512588F08054E1B091635 /* Pods */,
				48140B080414F281CE670063 /* Frameworks */,
			);
			sourceTree = "<group>";
		};
		867A79691C1652DB00540D50 /* Products */ = {
			isa = PBXGroup;
			children = (
				867A79681C1652DB00540D50 /* WeatherProject.app */,
			);
			name = Products;
			sourceTree = "<group>";
		};
		867A796A1C1652DB00540D50 /* WeatherProject */ = {
			isa = PBXGroup;
			children = (
				867A796B1C1652DB00540D50 /* AppDelegate.swift */,
				867A796D1C1652DB00540D50 /* ViewController.swift */,
				86457D7C1C16586B002CC420 /* SecondViewController.swift */,
				867A796F1C1652DB00540D50 /* Main.storyboard */,
				867A79721C1652DB00540D50 /* Assets.xcassets */,
				867A79741C1652DB00540D50 /* LaunchScreen.storyboard */,
				867A79771C1652DB00540D50 /* Info.plist */,
			);
			path = WeatherProject;
			sourceTree = "<group>";
		};
		BB6512588F08054E1B091635 /* Pods */ = {
			isa = PBXGroup;
			children = (
				748156DAEB8A69A929A448B6 /* Pods-WeatherProject.debug.xcconfig */,
				B53685DA1C03A367846D9F0A /* Pods-WeatherProject.release.xcconfig */,
			);
			name = Pods;
			sourceTree = "<group>";
		};
/* End PBXGroup section */

/* Begin PBXNativeTarget section */
		867A79671C1652DB00540D50 /* WeatherProject */ = {
			isa = PBXNativeTarget;
			buildConfigurationList = 867A797A1C1652DB00540D50 /* Build configuration list for PBXNativeTarget "WeatherProject" */;
			buildPhases = (
				930FA4C9D3220C6561978024 /* Check Pods Manifest.lock */,
				867A79641C1652DB00540D50 /* Sources */,
				867A79651C1652DB00540D50 /* Frameworks */,
				867A79661C1652DB00540D50 /* Resources */,
				7863651A95369039FDA6CE69 /* Embed Pods Frameworks */,
				A6FC50DBD33FA524C60E0BBA /* Copy Pods Resources */,
			);
			buildRules = (
			);
			dependencies = (
			);
			name = WeatherProject;
			productName = WeatherProject;
			productReference = 867A79681C1652DB00540D50 /* WeatherProject.app */;
			productType = "com.apple.product-type.application";
		};
/* End PBXNativeTarget section */

/* Begin PBXProject section */
		867A79601C1652DB00540D50 /* Project object */ = {
			isa = PBXProject;
			attributes = {
				LastSwiftUpdateCheck = 0710;
				LastUpgradeCheck = 0710;
				ORGANIZATIONNAME = "Santiago Perez";
				TargetAttributes = {
					867A79671C1652DB00540D50 = {
						CreatedOnToolsVersion = 7.1.1;
					};
				};
			};
			buildConfigurationList = 867A79631C1652DB00540D50 /* Build configuration list for PBXProject "WeatherProject" */;
			compatibilityVersion = "Xcode 3.2";
			developmentRegion = English;
			hasScannedForEncodings = 0;
			knownRegions = (
				en,
				Base,
			);
			mainGroup = 867A795F1C1652DB00540D50;
			productRefGroup = 867A79691C1652DB00540D50 /* Products */;
			projectDirPath = "";
			projectRoot = "";
			targets = (
				867A79671C1652DB00540D50 /* WeatherProject */,
			);
		};
/* End PBXProject section */

/* Begin PBXResourcesBuildPhase section */
		867A79661C1652DB00540D50 /* Resources */ = {
			isa = PBXResourcesBuildPhase;
			buildActionMask = 2147483647;
			files = (
				867A79761C1652DB00540D50 /* LaunchScreen.storyboard in Resources */,
				867A79731C1652DB00540D50 /* Assets.xcassets in Resources */,
				867A79711C1652DB00540D50 /* Main.storyboard in Resources */,
			);
			runOnlyForDeploymentPostprocessing = 0;
		};
/* End PBXResourcesBuildPhase section */

/* Begin PBXShellScriptBuildPhase section */
		7863651A95369039FDA6CE69 /* Embed Pods Frameworks */ = {
			isa = PBXShellScriptBuildPhase;
			buildActionMask = 2147483647;
			files = (
			);
			inputPaths = (
			);
			name = "Embed Pods Frameworks";
			outputPaths = (
			);
			runOnlyForDeploymentPostprocessing = 0;
			shellPath = /bin/sh;
			shellScript = "\"${SRCROOT}/Pods/Target Support Files/Pods-WeatherProject/Pods-WeatherProject-frameworks.sh\"\n";
			showEnvVarsInLog = 0;
		};
		930FA4C9D3220C6561978024 /* Check Pods Manifest.lock */ = {
			isa = PBXShellScriptBuildPhase;
			buildActionMask = 2147483647;
			files = (
			);
			inputPaths = (
			);
			name = "Check Pods Manifest.lock";
			outputPaths = (
			);
			runOnlyForDeploymentPostprocessing = 0;
			shellPath = /bin/sh;
			shellScript = "diff \"${PODS_ROOT}/../Podfile.lock\" \"${PODS_ROOT}/Manifest.lock\" > /dev/null\nif [[ $? != 0 ]] ; then\n    cat << EOM\nerror: The sandbox is not in sync with the Podfile.lock. Run 'pod install' or update your CocoaPods installation.\nEOM\n    exit 1\nfi\n";
			showEnvVarsInLog = 0;
		};
		A6FC50DBD33FA524C60E0BBA /* Copy Pods Resources */ = {
			isa = PBXShellScriptBuildPhase;
			buildActionMask = 2147483647;
			files = (
			);
			inputPaths = (
			);
			name = "Copy Pods Resources";
			outputPaths = (
			);
			runOnlyForDeploymentPostprocessing = 0;
			shellPath = /bin/sh;
			shellScript = "\"${SRCROOT}/Pods/Target Support Files/Pods-WeatherProject/Pods-WeatherProject-resources.sh\"\n";
			showEnvVarsInLog = 0;
		};
/* End PBXShellScriptBuildPhase section */

/* Begin PBXSourcesBuildPhase section */
		867A79641C1652DB00540D50 /* Sources */ = {
			isa = PBXSourcesBuildPhase;
			buildActionMask = 2147483647;
			files = (
				86457D7D1C16586B002CC420 /* SecondViewController.swift in Sources */,
				867A796E1C1652DB00540D50 /* ViewController.swift in Sources */,
				867A796C1C1652DB00540D50 /* AppDelegate.swift in Sources */,
			);
			runOnlyForDeploymentPostprocessing = 0;
		};
/* End PBXSourcesBuildPhase section */

/* Begin PBXVariantGroup section */
		867A796F1C1652DB00540D50 /* Main.storyboard */ = {
			isa = PBXVariantGroup;
			children = (
				867A79701C1652DB00540D50 /* Base */,
			);
			name = Main.storyboard;
			sourceTree = "<group>";
		};
		867A79741C1652DB00540D50 /* LaunchScreen.storyboard */ = {
			isa = PBXVariantGroup;
			children = (
				867A79751C1652DB00540D50 /* Base */,
			);
			name = LaunchScreen.storyboard;
			sourceTree = "<group>";
		};
/* End PBXVariantGroup section */

/* Begin XCBuildConfiguration section */
		867A79781C1652DB00540D50 /* Debug */ = {
			isa = XCBuildConfiguration;
			buildSettings = {
				ALWAYS_SEARCH_USER_PATHS = NO;
				CLANG_CXX_LANGUAGE_STANDARD = "gnu++0x";
				CLANG_CXX_LIBRARY = "libc++";
				CLANG_ENABLE_MODULES = YES;
				CLANG_ENABLE_OBJC_ARC = YES;
				CLANG_WARN_BOOL_CONVERSION = YES;
				CLANG_WARN_CONSTANT_CONVERSION = YES;
				CLANG_WARN_DIRECT_OBJC_ISA_USAGE = YES_ERROR;
				CLANG_WARN_EMPTY_BODY = YES;
				CLANG_WARN_ENUM_CONVERSION = YES;
				CLANG_WARN_INT_CONVERSION = YES;
				CLANG_WARN_OBJC_ROOT_CLASS = YES_ERROR;
				CLANG_WARN_UNREACHABLE_CODE = YES;
				CLANG_WARN__DUPLICATE_METHOD_MATCH = YES;
				"CODE_SIGN_IDENTITY[sdk=iphoneos*]" = "iPhone Developer";
				COPY_PHASE_STRIP = NO;
				DEBUG_INFORMATION_FORMAT = dwarf;
				ENABLE_STRICT_OBJC_MSGSEND = YES;
				ENABLE_TESTABILITY = YES;
				GCC_C_LANGUAGE_STANDARD = gnu99;
				GCC_DYNAMIC_NO_PIC = NO;
				GCC_NO_COMMON_BLOCKS = YES;
				GCC_OPTIMIZATION_LEVEL = 0;
				GCC_PREPROCESSOR_DEFINITIONS = (
					"DEBUG=1",
					"$(inherited)",
				);
				GCC_WARN_64_TO_32_BIT_CONVERSION = YES;
				GCC_WARN_ABOUT_RETURN_TYPE = YES_ERROR;
				GCC_WARN_UNDECLARED_SELECTOR = YES;
				GCC_WARN_UNINITIALIZED_AUTOS = YES_AGGRESSIVE;
				GCC_WARN_UNUSED_FUNCTION = YES;
				GCC_WARN_UNUSED_VARIABLE = YES;
				IPHONEOS_DEPLOYMENT_TARGET = 9.1;
				MTL_ENABLE_DEBUG_INFO = YES;
				ONLY_ACTIVE_ARCH = YES;
				SDKROOT = iphoneos;
				SWIFT_OPTIMIZATION_LEVEL = "-Onone";
				TARGETED_DEVICE_FAMILY = "1,2";
			};
			name = Debug;
		};
		867A79791C1652DB00540D50 /* Release */ = {
			isa = XCBuildConfiguration;
			buildSettings = {
				ALWAYS_SEARCH_USER_PATHS = NO;
				CLANG_CXX_LANGUAGE_STANDARD = "gnu++0x";
				CLANG_CXX_LIBRARY = "libc++";
				CLANG_ENABLE_MODULES = YES;
				CLANG_ENABLE_OBJC_ARC = YES;
				CLANG_WARN_BOOL_CONVERSION = YES;
				CLANG_WARN_CONSTANT_CONVERSION = YES;
				CLANG_WARN_DIRECT_OBJC_ISA_USAGE = YES_ERROR;
				CLANG_WARN_EMPTY_BODY = YES;
				CLANG_WARN_ENUM_CONVERSION = YES;
				CLANG_WARN_INT_CONVERSION = YES;
				CLANG_WARN_OBJC_ROOT_CLASS = YES_ERROR;
				CLANG_WARN_UNREACHABLE_CODE = YES;
				CLANG_WARN__DUPLICATE_METHOD_MATCH = YES;
				"CODE_SIGN_IDENTITY[sdk=iphoneos*]" = "iPhone Developer";
				COPY_PHASE_STRIP = NO;
				DEBUG_INFORMATION_FORMAT = "dwarf-with-dsym";
				ENABLE_NS_ASSERTIONS = NO;
				ENABLE_STRICT_OBJC_MSGSEND = YES;
				GCC_C_LANGUAGE_STANDARD = gnu99;
				GCC_NO_COMMON_BLOCKS = YES;
				GCC_WARN_64_TO_32_BIT_CONVERSION = YES;
				GCC_WARN_ABOUT_RETURN_TYPE = YES_ERROR;
				GCC_WARN_UNDECLARED_SELECTOR = YES;
				GCC_WARN_UNINITIALIZED_AUTOS = YES_AGGRESSIVE;
				GCC_WARN_UNUSED_FUNCTION = YES;
				GCC_WARN_UNUSED_VARIABLE = YES;
				IPHONEOS_DEPLOYMENT_TARGET = 9.1;
				MTL_ENABLE_DEBUG_INFO = NO;
				SDKROOT = iphoneos;
				TARGETED_DEVICE_FAMILY = "1,2";
				VALIDATE_PRODUCT = YES;
			};
			name = Release;
		};
		867A797B1C1652DB00540D50 /* Debug */ = {
			isa = XCBuildConfiguration;
			baseConfigurationReference = 748156DAEB8A69A929A448B6 /* Pods-WeatherProject.debug.xcconfig */;
			buildSettings = {
				ASSETCATALOG_COMPILER_APPICON_NAME = AppIcon;
				INFOPLIST_FILE = WeatherProject/Info.plist;
				LD_RUNPATH_SEARCH_PATHS = "$(inherited) @executable_path/Frameworks";
				PRODUCT_BUNDLE_IDENTIFIER = io.santiago.WeatherProject;
				PRODUCT_NAME = "$(TARGET_NAME)";
			};
			name = Debug;
		};
		867A797C1C1652DB00540D50 /* Release */ = {
			isa = XCBuildConfiguration;
			baseConfigurationReference = B53685DA1C03A367846D9F0A /* Pods-WeatherProject.release.xcconfig */;
			buildSettings = {
				ASSETCATALOG_COMPILER_APPICON_NAME = AppIcon;
				INFOPLIST_FILE = WeatherProject/Info.plist;
				LD_RUNPATH_SEARCH_PATHS = "$(inherited) @executable_path/Frameworks";
				PRODUCT_BUNDLE_IDENTIFIER = io.santiago.WeatherProject;
				PRODUCT_NAME = "$(TARGET_NAME)";
			};
			name = Release;
		};
/* End XCBuildConfiguration section */

/* Begin XCConfigurationList section */
		867A79631C1652DB00540D50 /* Build configuration list for PBXProject "WeatherProject" */ = {
			isa = XCConfigurationList;
			buildConfigurations = (
				867A79781C1652DB00540D50 /* Debug */,
				867A79791C1652DB00540D50 /* Release */,
			);
			defaultConfigurationIsVisible = 0;
			defaultConfigurationName = Release;
		};
		867A797A1C1652DB00540D50 /* Build configuration list for PBXNativeTarget "WeatherProject" */ = {
			isa = XCConfigurationList;
			buildConfigurations = (
				867A797B1C1652DB00540D50 /* Debug */,
				867A797C1C1652DB00540D50 /* Release */,
			);
			defaultConfigurationIsVisible = 0;
			defaultConfigurationName = Release;
		};
/* End XCConfigurationList section */
	};
	rootObject = 867A79601C1652DB00540D50 /* Project object */;
}
