// !$*UTF8*$!
{
	archiveVersion = 1;
	classes = {
	};
	objectVersion = 46;
	objects = {

/* Begin PBXBuildFile section */
		860603D91C07735800A856F5 /* AppDelegate.swift in Sources */ = {isa = PBXBuildFile; fileRef = 860603D81C07735800A856F5 /* AppDelegate.swift */; };
		860603DE1C07735800A856F5 /* Main.storyboard in Resources */ = {isa = PBXBuildFile; fileRef = 860603DC1C07735800A856F5 /* Main.storyboard */; };
		860603E01C07735800A856F5 /* Assets.xcassets in Resources */ = {isa = PBXBuildFile; fileRef = 860603DF1C07735800A856F5 /* Assets.xcassets */; };
		860603E31C07735800A856F5 /* LaunchScreen.storyboard in Resources */ = {isa = PBXBuildFile; fileRef = 860603E11C07735800A856F5 /* LaunchScreen.storyboard */; };
		860603EB1C0773AB00A856F5 /* SearchResultsViewController.swift in Sources */ = {isa = PBXBuildFile; fileRef = 860603EA1C0773AB00A856F5 /* SearchResultsViewController.swift */; settings = {ASSET_TAGS = (); }; };
		860603ED1C0773E900A856F5 /* SearchScreenViewController.swift in Sources */ = {isa = PBXBuildFile; fileRef = 860603EC1C0773E900A856F5 /* SearchScreenViewController.swift */; settings = {ASSET_TAGS = (); }; };
/* End PBXBuildFile section */

/* Begin PBXFileReference section */
		860603D51C07735800A856F5 /* foodTrackConceptCode.app */ = {isa = PBXFileReference; explicitFileType = wrapper.application; includeInIndex = 0; path = foodTrackConceptCode.app; sourceTree = BUILT_PRODUCTS_DIR; };
		860603D81C07735800A856F5 /* AppDelegate.swift */ = {isa = PBXFileReference; lastKnownFileType = sourcecode.swift; path = AppDelegate.swift; sourceTree = "<group>"; };
		860603DD1C07735800A856F5 /* Base */ = {isa = PBXFileReference; lastKnownFileType = file.storyboard; name = Base; path = Base.lproj/Main.storyboard; sourceTree = "<group>"; };
		860603DF1C07735800A856F5 /* Assets.xcassets */ = {isa = PBXFileReference; lastKnownFileType = folder.assetcatalog; path = Assets.xcassets; sourceTree = "<group>"; };
		860603E21C07735800A856F5 /* Base */ = {isa = PBXFileReference; lastKnownFileType = file.storyboard; name = Base; path = Base.lproj/LaunchScreen.storyboard; sourceTree = "<group>"; };
		860603E41C07735800A856F5 /* Info.plist */ = {isa = PBXFileReference; lastKnownFileType = text.plist.xml; path = Info.plist; sourceTree = "<group>"; };
		860603EA1C0773AB00A856F5 /* SearchResultsViewController.swift */ = {isa = PBXFileReference; fileEncoding = 4; lastKnownFileType = sourcecode.swift; path = SearchResultsViewController.swift; sourceTree = "<group>"; };
		860603EC1C0773E900A856F5 /* SearchScreenViewController.swift */ = {isa = PBXFileReference; fileEncoding = 4; lastKnownFileType = sourcecode.swift; path = SearchScreenViewController.swift; sourceTree = "<group>"; };
/* End PBXFileReference section */

/* Begin PBXFrameworksBuildPhase section */
		860603D21C07735800A856F5 /* Frameworks */ = {
			isa = PBXFrameworksBuildPhase;
			buildActionMask = 2147483647;
			files = (
			);
			runOnlyForDeploymentPostprocessing = 0;
		};
/* End PBXFrameworksBuildPhase section */

/* Begin PBXGroup section */
		860603CC1C07735800A856F5 = {
			isa = PBXGroup;
			children = (
				860603D71C07735800A856F5 /* foodTrackConceptCode */,
				860603D61C07735800A856F5 /* Products */,
			);
			sourceTree = "<group>";
		};
		860603D61C07735800A856F5 /* Products */ = {
			isa = PBXGroup;
			children = (
				860603D51C07735800A856F5 /* foodTrackConceptCode.app */,
			);
			name = Products;
			sourceTree = "<group>";
		};
		860603D71C07735800A856F5 /* foodTrackConceptCode */ = {
			isa = PBXGroup;
			children = (
				860603D81C07735800A856F5 /* AppDelegate.swift */,
				860603DC1C07735800A856F5 /* Main.storyboard */,
				860603EC1C0773E900A856F5 /* SearchScreenViewController.swift */,
				860603DF1C07735800A856F5 /* Assets.xcassets */,
				860603E11C07735800A856F5 /* LaunchScreen.storyboard */,
				860603E41C07735800A856F5 /* Info.plist */,
				860603EA1C0773AB00A856F5 /* SearchResultsViewController.swift */,
			);
			path = foodTrackConceptCode;
			sourceTree = "<group>";
		};
/* End PBXGroup section */

/* Begin PBXNativeTarget section */
		860603D41C07735800A856F5 /* foodTrackConceptCode */ = {
			isa = PBXNativeTarget;
			buildConfigurationList = 860603E71C07735800A856F5 /* Build configuration list for PBXNativeTarget "foodTrackConceptCode" */;
			buildPhases = (
				860603D11C07735800A856F5 /* Sources */,
				860603D21C07735800A856F5 /* Frameworks */,
				860603D31C07735800A856F5 /* Resources */,
			);
			buildRules = (
			);
			dependencies = (
			);
			name = foodTrackConceptCode;
			productName = foodTrackConceptCode;
			productReference = 860603D51C07735800A856F5 /* foodTrackConceptCode.app */;
			productType = "com.apple.product-type.application";
		};
/* End PBXNativeTarget section */

/* Begin PBXProject section */
		860603CD1C07735800A856F5 /* Project object */ = {
			isa = PBXProject;
			attributes = {
				LastUpgradeCheck = 0700;
				ORGANIZATIONNAME = "Santiago Perez";
				TargetAttributes = {
					860603D41C07735800A856F5 = {
						CreatedOnToolsVersion = 7.0.1;
					};
				};
			};
			buildConfigurationList = 860603D01C07735800A856F5 /* Build configuration list for PBXProject "foodTrackConceptCode" */;
			compatibilityVersion = "Xcode 3.2";
			developmentRegion = English;
			hasScannedForEncodings = 0;
			knownRegions = (
				en,
				Base,
			);
			mainGroup = 860603CC1C07735800A856F5;
			productRefGroup = 860603D61C07735800A856F5 /* Products */;
			projectDirPath = "";
			projectRoot = "";
			targets = (
				860603D41C07735800A856F5 /* foodTrackConceptCode */,
			);
		};
/* End PBXProject section */

/* Begin PBXResourcesBuildPhase section */
		860603D31C07735800A856F5 /* Resources */ = {
			isa = PBXResourcesBuildPhase;
			buildActionMask = 2147483647;
			files = (
				860603E31C07735800A856F5 /* LaunchScreen.storyboard in Resources */,
				860603E01C07735800A856F5 /* Assets.xcassets in Resources */,
				860603DE1C07735800A856F5 /* Main.storyboard in Resources */,
			);
			runOnlyForDeploymentPostprocessing = 0;
		};
/* End PBXResourcesBuildPhase section */

/* Begin PBXSourcesBuildPhase section */
		860603D11C07735800A856F5 /* Sources */ = {
			isa = PBXSourcesBuildPhase;
			buildActionMask = 2147483647;
			files = (
				860603ED1C0773E900A856F5 /* SearchScreenViewController.swift in Sources */,
				860603EB1C0773AB00A856F5 /* SearchResultsViewController.swift in Sources */,
				860603D91C07735800A856F5 /* AppDelegate.swift in Sources */,
			);
			runOnlyForDeploymentPostprocessing = 0;
		};
/* End PBXSourcesBuildPhase section */

/* Begin PBXVariantGroup section */
		860603DC1C07735800A856F5 /* Main.storyboard */ = {
			isa = PBXVariantGroup;
			children = (
				860603DD1C07735800A856F5 /* Base */,
			);
			name = Main.storyboard;
			sourceTree = "<group>";
		};
		860603E11C07735800A856F5 /* LaunchScreen.storyboard */ = {
			isa = PBXVariantGroup;
			children = (
				860603E21C07735800A856F5 /* Base */,
			);
			name = LaunchScreen.storyboard;
			sourceTree = "<group>";
		};
/* End PBXVariantGroup section */

/* Begin XCBuildConfiguration section */
		860603E51C07735800A856F5 /* Debug */ = {
			isa = XCBuildConfiguration;
			buildSettings = {
				ALWAYS_SEARCH_USER_PATHS = NO;
				CLANG_CXX_LANGUAGE_STANDARD = "gnu++0x";
				CLANG_CXX_LIBRARY = "libc++";
				CLANG_ENABLE_MODULES = YES;
				CLANG_ENABLE_OBJC_ARC = YES;
				CLANG_WARN_BOOL_CONVERSION = YES;
				CLANG_WARN_CONSTANT_CONVERSION = YES;
				CLANG_WARN_DIRECT_OBJC_ISA_USAGE = YES_ERROR;
				CLANG_WARN_EMPTY_BODY = YES;
				CLANG_WARN_ENUM_CONVERSION = YES;
				CLANG_WARN_INT_CONVERSION = YES;
				CLANG_WARN_OBJC_ROOT_CLASS = YES_ERROR;
				CLANG_WARN_UNREACHABLE_CODE = YES;
				CLANG_WARN__DUPLICATE_METHOD_MATCH = YES;
				"CODE_SIGN_IDENTITY[sdk=iphoneos*]" = "iPhone Developer";
				COPY_PHASE_STRIP = NO;
				DEBUG_INFORMATION_FORMAT = dwarf;
				ENABLE_STRICT_OBJC_MSGSEND = YES;
				ENABLE_TESTABILITY = YES;
				GCC_C_LANGUAGE_STANDARD = gnu99;
				GCC_DYNAMIC_NO_PIC = NO;
				GCC_NO_COMMON_BLOCKS = YES;
				GCC_OPTIMIZATION_LEVEL = 0;
				GCC_PREPROCESSOR_DEFINITIONS = (
					"DEBUG=1",
					"$(inherited)",
				);
				GCC_WARN_64_TO_32_BIT_CONVERSION = YES;
				GCC_WARN_ABOUT_RETURN_TYPE = YES_ERROR;
				GCC_WARN_UNDECLARED_SELECTOR = YES;
				GCC_WARN_UNINITIALIZED_AUTOS = YES_AGGRESSIVE;
				GCC_WARN_UNUSED_FUNCTION = YES;
				GCC_WARN_UNUSED_VARIABLE = YES;
				IPHONEOS_DEPLOYMENT_TARGET = 9.0;
				MTL_ENABLE_DEBUG_INFO = YES;
				ONLY_ACTIVE_ARCH = YES;
				SDKROOT = iphoneos;
				SWIFT_OPTIMIZATION_LEVEL = "-Onone";
				TARGETED_DEVICE_FAMILY = "1,2";
			};
			name = Debug;
		};
		860603E61C07735800A856F5 /* Release */ = {
			isa = XCBuildConfiguration;
			buildSettings = {
				ALWAYS_SEARCH_USER_PATHS = NO;
				CLANG_CXX_LANGUAGE_STANDARD = "gnu++0x";
				CLANG_CXX_LIBRARY = "libc++";
				CLANG_ENABLE_MODULES = YES;
				CLANG_ENABLE_OBJC_ARC = YES;
				CLANG_WARN_BOOL_CONVERSION = YES;
				CLANG_WARN_CONSTANT_CONVERSION = YES;
				CLANG_WARN_DIRECT_OBJC_ISA_USAGE = YES_ERROR;
				CLANG_WARN_EMPTY_BODY = YES;
				CLANG_WARN_ENUM_CONVERSION = YES;
				CLANG_WARN_INT_CONVERSION = YES;
				CLANG_WARN_OBJC_ROOT_CLASS = YES_ERROR;
				CLANG_WARN_UNREACHABLE_CODE = YES;
				CLANG_WARN__DUPLICATE_METHOD_MATCH = YES;
				"CODE_SIGN_IDENTITY[sdk=iphoneos*]" = "iPhone Developer";
				COPY_PHASE_STRIP = NO;
				DEBUG_INFORMATION_FORMAT = "dwarf-with-dsym";
				ENABLE_NS_ASSERTIONS = NO;
				ENABLE_STRICT_OBJC_MSGSEND = YES;
				GCC_C_LANGUAGE_STANDARD = gnu99;
				GCC_NO_COMMON_BLOCKS = YES;
				GCC_WARN_64_TO_32_BIT_CONVERSION = YES;
				GCC_WARN_ABOUT_RETURN_TYPE = YES_ERROR;
				GCC_WARN_UNDECLARED_SELECTOR = YES;
				GCC_WARN_UNINITIALIZED_AUTOS = YES_AGGRESSIVE;
				GCC_WARN_UNUSED_FUNCTION = YES;
				GCC_WARN_UNUSED_VARIABLE = YES;
				IPHONEOS_DEPLOYMENT_TARGET = 9.0;
				MTL_ENABLE_DEBUG_INFO = NO;
				SDKROOT = iphoneos;
				TARGETED_DEVICE_FAMILY = "1,2";
				VALIDATE_PRODUCT = YES;
			};
			name = Release;
		};
		860603E81C07735800A856F5 /* Debug */ = {
			isa = XCBuildConfiguration;
			buildSettings = {
				ASSETCATALOG_COMPILER_APPICON_NAME = AppIcon;
				INFOPLIST_FILE = foodTrackConceptCode/Info.plist;
				LD_RUNPATH_SEARCH_PATHS = "$(inherited) @executable_path/Frameworks";
				PRODUCT_BUNDLE_IDENTIFIER = io.santiago.foodTrackConceptCode;
				PRODUCT_NAME = "$(TARGET_NAME)";
			};
			name = Debug;
		};
		860603E91C07735800A856F5 /* Release */ = {
			isa = XCBuildConfiguration;
			buildSettings = {
				ASSETCATALOG_COMPILER_APPICON_NAME = AppIcon;
				INFOPLIST_FILE = foodTrackConceptCode/Info.plist;
				LD_RUNPATH_SEARCH_PATHS = "$(inherited) @executable_path/Frameworks";
				PRODUCT_BUNDLE_IDENTIFIER = io.santiago.foodTrackConceptCode;
				PRODUCT_NAME = "$(TARGET_NAME)";
			};
			name = Release;
		};
/* End XCBuildConfiguration section */

/* Begin XCConfigurationList section */
		860603D01C07735800A856F5 /* Build configuration list for PBXProject "foodTrackConceptCode" */ = {
			isa = XCConfigurationList;
			buildConfigurations = (
				860603E51C07735800A856F5 /* Debug */,
				860603E61C07735800A856F5 /* Release */,
			);
			defaultConfigurationIsVisible = 0;
			defaultConfigurationName = Release;
		};
		860603E71C07735800A856F5 /* Build configuration list for PBXNativeTarget "foodTrackConceptCode" */ = {
			isa = XCConfigurationList;
			buildConfigurations = (
				860603E81C07735800A856F5 /* Debug */,
				860603E91C07735800A856F5 /* Release */,
			);
			defaultConfigurationIsVisible = 0;
		};
/* End XCConfigurationList section */
	};
	rootObject = 860603CD1C07735800A856F5 /* Project object */;
}
